<?xml version="1.0" encoding="utf-8"?>
<Project ToolsVersion="4.0" xmlns="http://schemas.microsoft.com/developer/msbuild/2003">
  <ItemGroup>
    <Filter Include="Source Files">
      <UniqueIdentifier>{4FC737F1-C7A5-4376-A066-2A32D752A2FF}</UniqueIdentifier>
      <Extensions>cpp;c;cc;cxx;def;odl;idl;hpj;bat;asm;asmx</Extensions>
    </Filter>
    <Filter Include="Header Files">
      <UniqueIdentifier>{93995380-89BD-4b04-88EB-625FBE52EBFB}</UniqueIdentifier>
      <Extensions>h;hpp;hxx;hm;inl;inc;xsd</Extensions>
    </Filter>
    <Filter Include="Resource Files">
      <UniqueIdentifier>{67DA6AB6-F800-4c08-8B7A-83BB121AAD01}</UniqueIdentifier>
      <Extensions>rc;ico;cur;bmp;dlg;rc2;rct;bin;rgs;gif;jpg;jpeg;jpe;resx;tiff;tif;png;wav;mfcribbon-ms</Extensions>
    </Filter>
  </ItemGroup>
  <ItemGroup>
    <ClCompile Include="iMain.cpp">
      <Filter>Source Files</Filter>
    </ClCompile>
    <ClCompile Include="MainMenu.cpp">
      <Filter>Source Files</Filter>
    </ClCompile>
    <ClCompile Include="Settings.cpp">
      <Filter>Source Files</Filter>
    </ClCompile>
    <ClCompile Include="Credits.cpp">
      <Filter>Source Files</Filter>
    </ClCompile>
    <ClCompile Include="Player.cpp">
      <Filter>Source Files</Filter>
    </ClCompile>
    <ClCompile Include="Map.cpp">
      <Filter>Source Files</Filter>
    </ClCompile>
    <ClCompile Include="Npc.cpp">
      <Filter>Source Files</Filter>
    </ClCompile>
    <ClCompile Include="Dialoguebox.cpp">
      <Filter>Source Files</Filter>
    </ClCompile>
    <ClCompile Include="Nameinput.cpp">
      <Filter>Source Files</Filter>
    </ClCompile>
    <ClCompile Include="Cookinggame.cpp">
      <Filter>Source Files</Filter>
    </ClCompile>
    <ClCompile Include="Servinggame.cpp">
      <Filter>Source Files</Filter>
    </ClCompile>
    <ClCompile Include="Inventory.cpp">
      <Filter>Source Files</Filter>
    </ClCompile>
    <ClCompile Include="Foresttrail.cpp">
      <Filter>Source Files</Filter>
    </ClCompile>
    <ClCompile Include="Itemobtained.cpp">
      <Filter>Source Files</Filter>
    </ClCompile>
    <ClCompile Include="GhostChase.cpp">
      <Filter>Source Files</Filter>
    </ClCompile>
    <ClCompile Include="MirrorHall.cpp">
      <Filter>Source Files</Filter>
    </ClCompile>
    <ClCompile Include="FinalFight.cpp">
      <Filter>Source Files</Filter>
    </ClCompile>
    <ClCompile Include="SaveGame.cpp">
      <Filter>Source Files</Filter>
    </ClCompile>
  </ItemGroup>
  <ItemGroup>
    <ClInclude Include="MainMenu.hpp">
      <Filter>Header Files</Filter>
    </ClInclude>
    <ClInclude Include="Constants.hpp">
      <Filter>Header Files</Filter>
    </ClInclude>
    <ClInclude Include="Settings.hpp">
      <Filter>Header Files</Filter>
    </ClInclude>
    <ClInclude Include="Credits.hpp">
      <Filter>Header Files</Filter>
    </ClInclude>
    <ClInclude Include="Player.hpp">
      <Filter>Header Files</Filter>
    </ClInclude>
    <ClInclude Include="Map.hpp">
      <Filter>Header Files</Filter>
    </ClInclude>
    <ClInclude Include="Npc.hpp">
      <Filter>Header Files</Filter>
    </ClInclude>
    <ClInclude Include="Dialoguebox.hpp">
      <Filter>Header Files</Filter>
    </ClInclude>
    <ClInclude Include="Nameinput.hpp">
      <Filter>Header Files</Filter>
    </ClInclude>
    <ClInclude Include="Cookinggame.hpp">
      <Filter>Header Files</Filter>
    </ClInclude>
    <ClInclude Include="Servinggame.hpp">
      <Filter>Header Files</Filter>
    </ClInclude>
    <ClInclude Include="Inventory.hpp">
      <Filter>Header Files</Filter>
    </ClInclude>
    <ClInclude Include="Foresttrail.hpp">
      <Filter>Header Files</Filter>
    </ClInclude>
    <ClInclude Include="Itemobtained.hpp">
      <Filter>Header Files</Filter>
    </ClInclude>
    <ClInclude Include="GhostChase.hpp">
      <Filter>Header Files</Filter>
    </ClInclude>
    <ClInclude Include="MirrorHall.hpp">
      <Filter>Header Files</Filter>
    </ClInclude>
    <ClInclude Include="FinalFight.hpp">
      <Filter>Header Files</Filter>
    </ClInclude>
    <ClInclude Include="SaveGame.hpp">
      <Filter>Header Files</Filter>
    </ClInclude>
    <ClInclude Include="Audio.hpp">
      <Filter>Header Files</Filter>
    </ClInclude>
  </ItemGroup>
</Project>